
Microsoft Visual Studio Solution File, Format Version 11.00
# Visual Studio 2010
Project("{FAE04EC0-301F-11D3-BF4B-00C04F79EFBC}") = "Assembly-CSharp", "Assembly-CSharp.csproj", "{9434AF88-CA6E-8A21-F14F-C6D8DF701ABD}"
EndProject
Global
	GlobalSection(SolutionConfigurationPlatforms) = preSolution
		Debug|Any CPU = Debug|Any CPU
		Release|Any CPU = Release|Any CPU
	EndGlobalSection
	GlobalSection(ProjectConfigurationPlatforms) = postSolution
		{9434AF88-CA6E-8A21-F14F-C6D8DF701ABD}.Debug|Any CPU.ActiveCfg = Debug|Any CPU
		{9434AF88-CA6E-8A21-F14F-C6D8DF701ABD}.Debug|Any CPU.Build.0 = Debug|Any CPU
		{9434AF88-CA6E-8A21-F14F-C6D8DF701ABD}.Release|Any CPU.ActiveCfg = Release|Any CPU
		{9434AF88-CA6E-8A21-F14F-C6D8DF701ABD}.Release|Any CPU.Build.0 = Release|Any CPU
	EndGlobalSection
	GlobalSection(SolutionProperties) = preSolution
		HideSolutionNode = FALSE
	EndGlobalSection
	GlobalSection(MonoDevelopProperties) = preSolution
		StartupItem = Assembly-CSharp.csproj
	EndGlobalSection
EndGlobal
